
Microsoft Visual Studio Solution File, Format Version 12.00
# Visual Studio Version 17
VisualStudioVersion = 17.1.32228.430
MinimumVisualStudioVersion = 10.0.40219.1
Project("{FAE04EC0-301F-11D3-BF4B-00C04F79EFBC}") = "ArdalisRating", "ArdalisRating\ArdalisRating.csproj", "{B0F871C7-B712-4279-B0B5-5AA624225695}"
EndProject
Project("{FAE04EC0-301F-11D3-BF4B-00C04F79EFBC}") = "ArdalisRating.Tests", "ArdalisRating.Tests\ArdalisRating.Tests.csproj", "{AD95E686-FE26-4C12-AAFC-7BB834966679}"
EndProject
Global
	GlobalSection(SolutionConfigurationPlatforms) = preSolution
		Debug|Any CPU = Debug|Any CPU
		Release|Any CPU = Release|Any CPU
	EndGlobalSection
	GlobalSection(ProjectConfigurationPlatforms) = postSolution
		{B0F871C7-B712-4279-B0B5-5AA624225695}.Debug|Any CPU.ActiveCfg = Debug|Any CPU
		{B0F871C7-B712-4279-B0B5-5AA624225695}.Debug|Any CPU.Build.0 = Debug|Any CPU
		{B0F871C7-B712-4279-B0B5-5AA624225695}.Release|Any CPU.ActiveCfg = Release|Any CPU
		{B0F871C7-B712-4279-B0B5-5AA624225695}.Release|Any CPU.Build.0 = Release|Any CPU
		{AD95E686-FE26-4C12-AAFC-7BB834966679}.Debug|Any CPU.ActiveCfg = Debug|Any CPU
		{AD95E686-FE26-4C12-AAFC-7BB834966679}.Debug|Any CPU.Build.0 = Debug|Any CPU
		{AD95E686-FE26-4C12-AAFC-7BB834966679}.Release|Any CPU.ActiveCfg = Release|Any CPU
		{AD95E686-FE26-4C12-AAFC-7BB834966679}.Release|Any CPU.Build.0 = Release|Any CPU
	EndGlobalSection
	GlobalSection(SolutionProperties) = preSolution
		HideSolutionNode = FALSE
	EndGlobalSection
	GlobalSection(ExtensibilityGlobals) = postSolution
		SolutionGuid = {3DCA2180-0F3E-4FB7-9B2E-92D8B3FD7CE7}
	EndGlobalSection
EndGlobal
