
Microsoft Visual Studio Solution File, Format Version 12.00
# Visual Studio Version 17
VisualStudioVersion = 17.2.32630.192
MinimumVisualStudioVersion = 10.0.40219.1
Project("{FAE04EC0-301F-11D3-BF4B-00C04F79EFBC}") = "SuperStoreAPI", "SuperStoreAPI\SuperStoreAPI.csproj", "{EDD5D430-3841-4744-9D4F-BFC4D035F3C9}"
EndProject
Project("{FAE04EC0-301F-11D3-BF4B-00C04F79EFBC}") = "SuperStore.Data", "SuperStore.Data\SuperStore.Data.csproj", "{413D4F2A-4900-486D-B67B-08E8AB68152C}"
EndProject
Global
	GlobalSection(SolutionConfigurationPlatforms) = preSolution
		Debug|Any CPU = Debug|Any CPU
		Release|Any CPU = Release|Any CPU
	EndGlobalSection
	GlobalSection(ProjectConfigurationPlatforms) = postSolution
		{EDD5D430-3841-4744-9D4F-BFC4D035F3C9}.Debug|Any CPU.ActiveCfg = Debug|Any CPU
		{EDD5D430-3841-4744-9D4F-BFC4D035F3C9}.Debug|Any CPU.Build.0 = Debug|Any CPU
		{EDD5D430-3841-4744-9D4F-BFC4D035F3C9}.Release|Any CPU.ActiveCfg = Release|Any CPU
		{EDD5D430-3841-4744-9D4F-BFC4D035F3C9}.Release|Any CPU.Build.0 = Release|Any CPU
		{413D4F2A-4900-486D-B67B-08E8AB68152C}.Debug|Any CPU.ActiveCfg = Debug|Any CPU
		{413D4F2A-4900-486D-B67B-08E8AB68152C}.Debug|Any CPU.Build.0 = Debug|Any CPU
		{413D4F2A-4900-486D-B67B-08E8AB68152C}.Release|Any CPU.ActiveCfg = Release|Any CPU
		{413D4F2A-4900-486D-B67B-08E8AB68152C}.Release|Any CPU.Build.0 = Release|Any CPU
	EndGlobalSection
	GlobalSection(SolutionProperties) = preSolution
		HideSolutionNode = FALSE
	EndGlobalSection
	GlobalSection(ExtensibilityGlobals) = postSolution
		SolutionGuid = {01227C32-1F98-4E9C-A949-B44E7890B4D5}
	EndGlobalSection
EndGlobal
