
Microsoft Visual Studio Solution File, Format Version 12.00
# Visual Studio Version 17
VisualStudioVersion = 17.1.32228.430
MinimumVisualStudioVersion = 10.0.40219.1
Project("{9A19103F-16F7-4668-BE54-9A1E7A4F7556}") = "SamuraiApp.Domain", "SamuraiApp.Domain\SamuraiApp.Domain.csproj", "{021D378F-AE00-4E7A-918C-1E3FCE1ACBAC}"
EndProject
Project("{9A19103F-16F7-4668-BE54-9A1E7A4F7556}") = "SamuraiAPI", "SamuraiiAPI\SamuraiAPI.csproj", "{4B8B3159-49D7-4BD5-B847-425FB50C4947}"
EndProject
Project("{9A19103F-16F7-4668-BE54-9A1E7A4F7556}") = "SamuraiApp.Data", "SamuraiApp.Datta\SamuraiApp.Data.csproj", "{5F11250B-0008-4B02-9BC3-CA6D5E6C412A}"
EndProject
Global
	GlobalSection(SolutionConfigurationPlatforms) = preSolution
		Debug|Any CPU = Debug|Any CPU
		Debug|ARM = Debug|ARM
		Debug|ARM64 = Debug|ARM64
		Debug|x64 = Debug|x64
		Debug|x86 = Debug|x86
		Release|Any CPU = Release|Any CPU
		Release|ARM = Release|ARM
		Release|ARM64 = Release|ARM64
		Release|x64 = Release|x64
		Release|x86 = Release|x86
	EndGlobalSection
	GlobalSection(ProjectConfigurationPlatforms) = postSolution
		{021D378F-AE00-4E7A-918C-1E3FCE1ACBAC}.Debug|Any CPU.ActiveCfg = Debug|Any CPU
		{021D378F-AE00-4E7A-918C-1E3FCE1ACBAC}.Debug|Any CPU.Build.0 = Debug|Any CPU
		{021D378F-AE00-4E7A-918C-1E3FCE1ACBAC}.Debug|ARM.ActiveCfg = Debug|Any CPU
		{021D378F-AE00-4E7A-918C-1E3FCE1ACBAC}.Debug|ARM.Build.0 = Debug|Any CPU
		{021D378F-AE00-4E7A-918C-1E3FCE1ACBAC}.Debug|ARM64.ActiveCfg = Debug|Any CPU
		{021D378F-AE00-4E7A-918C-1E3FCE1ACBAC}.Debug|ARM64.Build.0 = Debug|Any CPU
		{021D378F-AE00-4E7A-918C-1E3FCE1ACBAC}.Debug|x64.ActiveCfg = Debug|Any CPU
		{021D378F-AE00-4E7A-918C-1E3FCE1ACBAC}.Debug|x64.Build.0 = Debug|Any CPU
		{021D378F-AE00-4E7A-918C-1E3FCE1ACBAC}.Debug|x86.ActiveCfg = Debug|Any CPU
		{021D378F-AE00-4E7A-918C-1E3FCE1ACBAC}.Debug|x86.Build.0 = Debug|Any CPU
		{021D378F-AE00-4E7A-918C-1E3FCE1ACBAC}.Release|Any CPU.ActiveCfg = Release|Any CPU
		{021D378F-AE00-4E7A-918C-1E3FCE1ACBAC}.Release|Any CPU.Build.0 = Release|Any CPU
		{021D378F-AE00-4E7A-918C-1E3FCE1ACBAC}.Release|ARM.ActiveCfg = Release|Any CPU
		{021D378F-AE00-4E7A-918C-1E3FCE1ACBAC}.Release|ARM.Build.0 = Release|Any CPU
		{021D378F-AE00-4E7A-918C-1E3FCE1ACBAC}.Release|ARM64.ActiveCfg = Release|Any CPU
		{021D378F-AE00-4E7A-918C-1E3FCE1ACBAC}.Release|ARM64.Build.0 = Release|Any CPU
		{021D378F-AE00-4E7A-918C-1E3FCE1ACBAC}.Release|x64.ActiveCfg = Release|Any CPU
		{021D378F-AE00-4E7A-918C-1E3FCE1ACBAC}.Release|x64.Build.0 = Release|Any CPU
		{021D378F-AE00-4E7A-918C-1E3FCE1ACBAC}.Release|x86.ActiveCfg = Release|Any CPU
		{021D378F-AE00-4E7A-918C-1E3FCE1ACBAC}.Release|x86.Build.0 = Release|Any CPU
		{4B8B3159-49D7-4BD5-B847-425FB50C4947}.Debug|Any CPU.ActiveCfg = Debug|Any CPU
		{4B8B3159-49D7-4BD5-B847-425FB50C4947}.Debug|Any CPU.Build.0 = Debug|Any CPU
		{4B8B3159-49D7-4BD5-B847-425FB50C4947}.Debug|ARM.ActiveCfg = Debug|Any CPU
		{4B8B3159-49D7-4BD5-B847-425FB50C4947}.Debug|ARM.Build.0 = Debug|Any CPU
		{4B8B3159-49D7-4BD5-B847-425FB50C4947}.Debug|ARM64.ActiveCfg = Debug|Any CPU
		{4B8B3159-49D7-4BD5-B847-425FB50C4947}.Debug|ARM64.Build.0 = Debug|Any CPU
		{4B8B3159-49D7-4BD5-B847-425FB50C4947}.Debug|x64.ActiveCfg = Debug|Any CPU
		{4B8B3159-49D7-4BD5-B847-425FB50C4947}.Debug|x64.Build.0 = Debug|Any CPU
		{4B8B3159-49D7-4BD5-B847-425FB50C4947}.Debug|x86.ActiveCfg = Debug|Any CPU
		{4B8B3159-49D7-4BD5-B847-425FB50C4947}.Debug|x86.Build.0 = Debug|Any CPU
		{4B8B3159-49D7-4BD5-B847-425FB50C4947}.Release|Any CPU.ActiveCfg = Release|Any CPU
		{4B8B3159-49D7-4BD5-B847-425FB50C4947}.Release|Any CPU.Build.0 = Release|Any CPU
		{4B8B3159-49D7-4BD5-B847-425FB50C4947}.Release|ARM.ActiveCfg = Release|Any CPU
		{4B8B3159-49D7-4BD5-B847-425FB50C4947}.Release|ARM.Build.0 = Release|Any CPU
		{4B8B3159-49D7-4BD5-B847-425FB50C4947}.Release|ARM64.ActiveCfg = Release|Any CPU
		{4B8B3159-49D7-4BD5-B847-425FB50C4947}.Release|ARM64.Build.0 = Release|Any CPU
		{4B8B3159-49D7-4BD5-B847-425FB50C4947}.Release|x64.ActiveCfg = Release|Any CPU
		{4B8B3159-49D7-4BD5-B847-425FB50C4947}.Release|x64.Build.0 = Release|Any CPU
		{4B8B3159-49D7-4BD5-B847-425FB50C4947}.Release|x86.ActiveCfg = Release|Any CPU
		{4B8B3159-49D7-4BD5-B847-425FB50C4947}.Release|x86.Build.0 = Release|Any CPU
		{5F11250B-0008-4B02-9BC3-CA6D5E6C412A}.Debug|Any CPU.ActiveCfg = Debug|Any CPU
		{5F11250B-0008-4B02-9BC3-CA6D5E6C412A}.Debug|Any CPU.Build.0 = Debug|Any CPU
		{5F11250B-0008-4B02-9BC3-CA6D5E6C412A}.Debug|ARM.ActiveCfg = Debug|Any CPU
		{5F11250B-0008-4B02-9BC3-CA6D5E6C412A}.Debug|ARM.Build.0 = Debug|Any CPU
		{5F11250B-0008-4B02-9BC3-CA6D5E6C412A}.Debug|ARM64.ActiveCfg = Debug|Any CPU
		{5F11250B-0008-4B02-9BC3-CA6D5E6C412A}.Debug|ARM64.Build.0 = Debug|Any CPU
		{5F11250B-0008-4B02-9BC3-CA6D5E6C412A}.Debug|x64.ActiveCfg = Debug|Any CPU
		{5F11250B-0008-4B02-9BC3-CA6D5E6C412A}.Debug|x64.Build.0 = Debug|Any CPU
		{5F11250B-0008-4B02-9BC3-CA6D5E6C412A}.Debug|x86.ActiveCfg = Debug|Any CPU
		{5F11250B-0008-4B02-9BC3-CA6D5E6C412A}.Debug|x86.Build.0 = Debug|Any CPU
		{5F11250B-0008-4B02-9BC3-CA6D5E6C412A}.Release|Any CPU.ActiveCfg = Release|Any CPU
		{5F11250B-0008-4B02-9BC3-CA6D5E6C412A}.Release|Any CPU.Build.0 = Release|Any CPU
		{5F11250B-0008-4B02-9BC3-CA6D5E6C412A}.Release|ARM.ActiveCfg = Release|Any CPU
		{5F11250B-0008-4B02-9BC3-CA6D5E6C412A}.Release|ARM.Build.0 = Release|Any CPU
		{5F11250B-0008-4B02-9BC3-CA6D5E6C412A}.Release|ARM64.ActiveCfg = Release|Any CPU
		{5F11250B-0008-4B02-9BC3-CA6D5E6C412A}.Release|ARM64.Build.0 = Release|Any CPU
		{5F11250B-0008-4B02-9BC3-CA6D5E6C412A}.Release|x64.ActiveCfg = Release|Any CPU
		{5F11250B-0008-4B02-9BC3-CA6D5E6C412A}.Release|x64.Build.0 = Release|Any CPU
		{5F11250B-0008-4B02-9BC3-CA6D5E6C412A}.Release|x86.ActiveCfg = Release|Any CPU
		{5F11250B-0008-4B02-9BC3-CA6D5E6C412A}.Release|x86.Build.0 = Release|Any CPU
	EndGlobalSection
	GlobalSection(SolutionProperties) = preSolution
		HideSolutionNode = FALSE
	EndGlobalSection
	GlobalSection(ExtensibilityGlobals) = postSolution
		SolutionGuid = {818EFA85-0A69-4346-839C-3AA0A58C7CF3}
	EndGlobalSection
EndGlobal
